// !$*UTF8*$!
{
	archiveVersion = 1;
	classes = {
	};
	objectVersion = 46;
	objects = {

/* Begin PBXBuildFile section */
		2C1F7F071F30A56E001A9B2C /* RxCocoa.framework in Frameworks */ = {isa = PBXBuildFile; fileRef = 2C1F7F031F30A56E001A9B2C /* RxCocoa.framework */; };
		2C1F7F081F30A56E001A9B2C /* RxSwift.framework in Frameworks */ = {isa = PBXBuildFile; fileRef = 2C1F7F041F30A56E001A9B2C /* RxSwift.framework */; };
		2C1F7F0D1F30B1A2001A9B2C /* SimulatorViewModel.swift in Sources */ = {isa = PBXBuildFile; fileRef = 2C1F7F0C1F30B1A2001A9B2C /* SimulatorViewModel.swift */; };
		2C1F7F0F1F30B1C0001A9B2C /* SimulatorView.swift in Sources */ = {isa = PBXBuildFile; fileRef = 2C1F7F0E1F30B1C0001A9B2C /* SimulatorView.swift */; };
		2C1F7F111F30B212001A9B2C /* SimulatorViewController.swift in Sources */ = {isa = PBXBuildFile; fileRef = 2C1F7F101F30B212001A9B2C /* SimulatorViewController.swift */; };
		2C33D1A61F7232B60007B141 /* Extensions.swift in Sources */ = {isa = PBXBuildFile; fileRef = 2C33D1A51F7232B60007B141 /* Extensions.swift */; };
		2C3F00851F2C58C40086076D /* SnapKit.framework in Frameworks */ = {isa = PBXBuildFile; fileRef = 2C659E931F2B906400E90CCE /* SnapKit.framework */; };
		2C3F00891F2D482C0086076D /* SettingView.swift in Sources */ = {isa = PBXBuildFile; fileRef = 2C3F00881F2D482C0086076D /* SettingView.swift */; };
		2C3F008B1F2D48480086076D /* SettingViewModel.swift in Sources */ = {isa = PBXBuildFile; fileRef = 2C3F008A1F2D48480086076D /* SettingViewModel.swift */; };
		2C3F008D1F2D48550086076D /* SettingViewController.swift in Sources */ = {isa = PBXBuildFile; fileRef = 2C3F008C1F2D48550086076D /* SettingViewController.swift */; };
		2C4D4AA71F486D620050CB14 /* README.md in Resources */ = {isa = PBXBuildFile; fileRef = 2CB89EE51BEE4F7C002A4EC7 /* README.md */; };
		2C4D4AA91F486F690050CB14 /* MMMarkdown.framework in Frameworks */ = {isa = PBXBuildFile; fileRef = 2C4D4AA81F486F690050CB14 /* MMMarkdown.framework */; };
		2C4D4AAB1F4B04130050CB14 /* LICENSE.md in Sources */ = {isa = PBXBuildFile; fileRef = 2C4D4AAA1F4B04130050CB14 /* LICENSE.md */; };
		2C6EAB711F72460200283471 /* Protocols.swift in Sources */ = {isa = PBXBuildFile; fileRef = 2C6EAB701F72460200283471 /* Protocols.swift */; };
		2C7B48691F52F7F9008616CD /* RxBlocking.framework in Frameworks */ = {isa = PBXBuildFile; fileRef = 2C1F7F021F30A56E001A9B2C /* RxBlocking.framework */; };
		2C7B486A1F52F7F9008616CD /* RxTest.framework in Frameworks */ = {isa = PBXBuildFile; fileRef = 2C1F7F051F30A56E001A9B2C /* RxTest.framework */; };
		2C7B486E1F52F7F9008616CD /* Nimble.framework in Frameworks */ = {isa = PBXBuildFile; fileRef = 2C7B486B1F52F7F9008616CD /* Nimble.framework */; };
		2C7B48701F52F7F9008616CD /* Quick.framework in Frameworks */ = {isa = PBXBuildFile; fileRef = 2C7B486D1F52F7F9008616CD /* Quick.framework */; };
		2C7D3E611F70B500005E893F /* DetectionInfoTableViewCell.swift in Sources */ = {isa = PBXBuildFile; fileRef = 2C7D3E601F70B500005E893F /* DetectionInfoTableViewCell.swift */; };
		2CB89EE61BEE4F7C002A4EC7 /* README.md in Sources */ = {isa = PBXBuildFile; fileRef = 2CB89EE51BEE4F7C002A4EC7 /* README.md */; };
		2CB89EE91BEE567C002A4EC7 /* Const.swift in Sources */ = {isa = PBXBuildFile; fileRef = 2CB89EE81BEE567C002A4EC7 /* Const.swift */; };
		2CCCF0881F6FFEE000B5B560 /* TabBarController.swift in Sources */ = {isa = PBXBuildFile; fileRef = 2CCCF0871F6FFEE000B5B560 /* TabBarController.swift */; };
		2CCCF08A1F706EB500B5B560 /* DetectionViewController.swift in Sources */ = {isa = PBXBuildFile; fileRef = 2CCCF0891F706EB500B5B560 /* DetectionViewController.swift */; };
		2CCCF08C1F706EC000B5B560 /* DetectionViewModel.swift in Sources */ = {isa = PBXBuildFile; fileRef = 2CCCF08B1F706EC000B5B560 /* DetectionViewModel.swift */; };
		2CCCF08E1F706ECB00B5B560 /* DetectionView.swift in Sources */ = {isa = PBXBuildFile; fileRef = 2CCCF08D1F706ECB00B5B560 /* DetectionView.swift */; };
		2CDDF20D1F35474100101FD7 /* RxDataSources.framework in Frameworks */ = {isa = PBXBuildFile; fileRef = 2CDDF20C1F35474100101FD7 /* RxDataSources.framework */; };
		2CE891551F4B04D80046EC73 /* LICENSE.md in Resources */ = {isa = PBXBuildFile; fileRef = 2C4D4AAA1F4B04130050CB14 /* LICENSE.md */; };
		2CF00F3C1F3F43A500230368 /* DescriptionView.swift in Sources */ = {isa = PBXBuildFile; fileRef = 2CF00F3B1F3F43A500230368 /* DescriptionView.swift */; };
		2CF00F3E1F3F43BE00230368 /* DescriptionViewModel.swift in Sources */ = {isa = PBXBuildFile; fileRef = 2CF00F3D1F3F43BE00230368 /* DescriptionViewModel.swift */; };
		2CF00F401F3F43D100230368 /* DescriptionViewController.swift in Sources */ = {isa = PBXBuildFile; fileRef = 2CF00F3F1F3F43D100230368 /* DescriptionViewController.swift */; };
		6E7CADC21BEC95D70046E77B /* AppDelegate.swift in Sources */ = {isa = PBXBuildFile; fileRef = 6E7CADC11BEC95D70046E77B /* AppDelegate.swift */; };
		6E7CADC91BEC95D70046E77B /* Assets.xcassets in Resources */ = {isa = PBXBuildFile; fileRef = 6E7CADC81BEC95D70046E77B /* Assets.xcassets */; };
		6E7CADCC1BEC95D70046E77B /* LaunchScreen.storyboard in Resources */ = {isa = PBXBuildFile; fileRef = 6E7CADCA1BEC95D70046E77B /* LaunchScreen.storyboard */; };
/* End PBXBuildFile section */

/* Begin PBXContainerItemProxy section */
		6E7CADD31BEC95D70046E77B /* PBXContainerItemProxy */ = {
			isa = PBXContainerItemProxy;
			containerPortal = 6E7CADB61BEC95D70046E77B /* Project object */;
			proxyType = 1;
			remoteGlobalIDString = 6E7CADBD1BEC95D70046E77B;
			remoteInfo = BeaconDetection;
		};
		6E7CADDE1BEC95D80046E77B /* PBXContainerItemProxy */ = {
			isa = PBXContainerItemProxy;
			containerPortal = 6E7CADB61BEC95D70046E77B /* Project object */;
			proxyType = 1;
			remoteGlobalIDString = 6E7CADBD1BEC95D70046E77B;
			remoteInfo = BeaconDetection;
		};
/* End PBXContainerItemProxy section */

/* Begin PBXFileReference section */
		2C1F7F021F30A56E001A9B2C /* RxBlocking.framework */ = {isa = PBXFileReference; lastKnownFileType = wrapper.framework; name = RxBlocking.framework; path = Carthage/Build/iOS/RxBlocking.framework; sourceTree = "<group>"; };
		2C1F7F031F30A56E001A9B2C /* RxCocoa.framework */ = {isa = PBXFileReference; lastKnownFileType = wrapper.framework; name = RxCocoa.framework; path = Carthage/Build/iOS/RxCocoa.framework; sourceTree = "<group>"; };
		2C1F7F041F30A56E001A9B2C /* RxSwift.framework */ = {isa = PBXFileReference; lastKnownFileType = wrapper.framework; name = RxSwift.framework; path = Carthage/Build/iOS/RxSwift.framework; sourceTree = "<group>"; };
		2C1F7F051F30A56E001A9B2C /* RxTest.framework */ = {isa = PBXFileReference; lastKnownFileType = wrapper.framework; name = RxTest.framework; path = Carthage/Build/iOS/RxTest.framework; sourceTree = "<group>"; };
		2C1F7F0C1F30B1A2001A9B2C /* SimulatorViewModel.swift */ = {isa = PBXFileReference; fileEncoding = 4; lastKnownFileType = sourcecode.swift; path = SimulatorViewModel.swift; sourceTree = "<group>"; };
		2C1F7F0E1F30B1C0001A9B2C /* SimulatorView.swift */ = {isa = PBXFileReference; fileEncoding = 4; lastKnownFileType = sourcecode.swift; path = SimulatorView.swift; sourceTree = "<group>"; };
		2C1F7F101F30B212001A9B2C /* SimulatorViewController.swift */ = {isa = PBXFileReference; fileEncoding = 4; lastKnownFileType = sourcecode.swift; path = SimulatorViewController.swift; sourceTree = "<group>"; };
		2C33D1A51F7232B60007B141 /* Extensions.swift */ = {isa = PBXFileReference; lastKnownFileType = sourcecode.swift; path = Extensions.swift; sourceTree = "<group>"; };
		2C3F00881F2D482C0086076D /* SettingView.swift */ = {isa = PBXFileReference; fileEncoding = 4; lastKnownFileType = sourcecode.swift; path = SettingView.swift; sourceTree = "<group>"; };
		2C3F008A1F2D48480086076D /* SettingViewModel.swift */ = {isa = PBXFileReference; fileEncoding = 4; lastKnownFileType = sourcecode.swift; path = SettingViewModel.swift; sourceTree = "<group>"; };
		2C3F008C1F2D48550086076D /* SettingViewController.swift */ = {isa = PBXFileReference; fileEncoding = 4; lastKnownFileType = sourcecode.swift; path = SettingViewController.swift; sourceTree = "<group>"; };
		2C4D4AA81F486F690050CB14 /* MMMarkdown.framework */ = {isa = PBXFileReference; lastKnownFileType = wrapper.framework; name = MMMarkdown.framework; path = Carthage/Build/iOS/MMMarkdown.framework; sourceTree = "<group>"; };
		2C4D4AAA1F4B04130050CB14 /* LICENSE.md */ = {isa = PBXFileReference; fileEncoding = 4; lastKnownFileType = net.daringfireball.markdown; path = LICENSE.md; sourceTree = "<group>"; };
		2C659E931F2B906400E90CCE /* SnapKit.framework */ = {isa = PBXFileReference; lastKnownFileType = wrapper.framework; name = SnapKit.framework; path = Carthage/Build/iOS/SnapKit.framework; sourceTree = "<group>"; };
		2C6EAB701F72460200283471 /* Protocols.swift */ = {isa = PBXFileReference; lastKnownFileType = sourcecode.swift; path = Protocols.swift; sourceTree = "<group>"; };
		2C7B486B1F52F7F9008616CD /* Nimble.framework */ = {isa = PBXFileReference; lastKnownFileType = wrapper.framework; name = Nimble.framework; path = Carthage/Build/iOS/Nimble.framework; sourceTree = "<group>"; };
		2C7B486D1F52F7F9008616CD /* Quick.framework */ = {isa = PBXFileReference; lastKnownFileType = wrapper.framework; name = Quick.framework; path = Carthage/Build/iOS/Quick.framework; sourceTree = "<group>"; };
		2C7D3E601F70B500005E893F /* DetectionInfoTableViewCell.swift */ = {isa = PBXFileReference; lastKnownFileType = sourcecode.swift; path = DetectionInfoTableViewCell.swift; sourceTree = "<group>"; };
		2CB89EE51BEE4F7C002A4EC7 /* README.md */ = {isa = PBXFileReference; fileEncoding = 4; lastKnownFileType = net.daringfireball.markdown; path = README.md; sourceTree = "<group>"; };
		2CB89EE81BEE567C002A4EC7 /* Const.swift */ = {isa = PBXFileReference; fileEncoding = 4; lastKnownFileType = sourcecode.swift; path = Const.swift; sourceTree = "<group>"; };
		2CCCF0871F6FFEE000B5B560 /* TabBarController.swift */ = {isa = PBXFileReference; lastKnownFileType = sourcecode.swift; path = TabBarController.swift; sourceTree = "<group>"; };
		2CCCF0891F706EB500B5B560 /* DetectionViewController.swift */ = {isa = PBXFileReference; lastKnownFileType = sourcecode.swift; path = DetectionViewController.swift; sourceTree = "<group>"; };
		2CCCF08B1F706EC000B5B560 /* DetectionViewModel.swift */ = {isa = PBXFileReference; lastKnownFileType = sourcecode.swift; path = DetectionViewModel.swift; sourceTree = "<group>"; };
		2CCCF08D1F706ECB00B5B560 /* DetectionView.swift */ = {isa = PBXFileReference; lastKnownFileType = sourcecode.swift; path = DetectionView.swift; sourceTree = "<group>"; };
		2CDDF20C1F35474100101FD7 /* RxDataSources.framework */ = {isa = PBXFileReference; lastKnownFileType = wrapper.framework; name = RxDataSources.framework; path = Carthage/Build/iOS/RxDataSources.framework; sourceTree = "<group>"; };
		2CF00F3B1F3F43A500230368 /* DescriptionView.swift */ = {isa = PBXFileReference; fileEncoding = 4; lastKnownFileType = sourcecode.swift; path = DescriptionView.swift; sourceTree = "<group>"; };
		2CF00F3D1F3F43BE00230368 /* DescriptionViewModel.swift */ = {isa = PBXFileReference; fileEncoding = 4; lastKnownFileType = sourcecode.swift; path = DescriptionViewModel.swift; sourceTree = "<group>"; };
		2CF00F3F1F3F43D100230368 /* DescriptionViewController.swift */ = {isa = PBXFileReference; fileEncoding = 4; lastKnownFileType = sourcecode.swift; path = DescriptionViewController.swift; sourceTree = "<group>"; };
		6E7CADBE1BEC95D70046E77B /* BeaconDetection.app */ = {isa = PBXFileReference; explicitFileType = wrapper.application; includeInIndex = 0; path = BeaconDetection.app; sourceTree = BUILT_PRODUCTS_DIR; };
		6E7CADC11BEC95D70046E77B /* AppDelegate.swift */ = {isa = PBXFileReference; lastKnownFileType = sourcecode.swift; path = AppDelegate.swift; sourceTree = "<group>"; };
		6E7CADC81BEC95D70046E77B /* Assets.xcassets */ = {isa = PBXFileReference; lastKnownFileType = folder.assetcatalog; path = Assets.xcassets; sourceTree = "<group>"; };
		6E7CADCB1BEC95D70046E77B /* Base */ = {isa = PBXFileReference; lastKnownFileType = file.storyboard; name = Base; path = Base.lproj/LaunchScreen.storyboard; sourceTree = "<group>"; };
		6E7CADCD1BEC95D70046E77B /* Info.plist */ = {isa = PBXFileReference; lastKnownFileType = text.plist.xml; path = Info.plist; sourceTree = "<group>"; };
		6E7CADD21BEC95D70046E77B /* BeaconDetectionTests.xctest */ = {isa = PBXFileReference; explicitFileType = wrapper.cfbundle; includeInIndex = 0; path = BeaconDetectionTests.xctest; sourceTree = BUILT_PRODUCTS_DIR; };
		6E7CADD81BEC95D70046E77B /* Info.plist */ = {isa = PBXFileReference; lastKnownFileType = text.plist.xml; path = Info.plist; sourceTree = "<group>"; };
		6E7CADDD1BEC95D80046E77B /* BeaconDetectionUITests.xctest */ = {isa = PBXFileReference; explicitFileType = wrapper.cfbundle; includeInIndex = 0; path = BeaconDetectionUITests.xctest; sourceTree = BUILT_PRODUCTS_DIR; };
		6E7CADE31BEC95D80046E77B /* Info.plist */ = {isa = PBXFileReference; lastKnownFileType = text.plist.xml; path = Info.plist; sourceTree = "<group>"; };
/* End PBXFileReference section */

/* Begin PBXFrameworksBuildPhase section */
		6E7CADBB1BEC95D70046E77B /* Frameworks */ = {
			isa = PBXFrameworksBuildPhase;
			buildActionMask = 2147483647;
			files = (
				2C3F00851F2C58C40086076D /* SnapKit.framework in Frameworks */,
				2C4D4AA91F486F690050CB14 /* MMMarkdown.framework in Frameworks */,
				2CDDF20D1F35474100101FD7 /* RxDataSources.framework in Frameworks */,
				2C1F7F071F30A56E001A9B2C /* RxCocoa.framework in Frameworks */,
				2C1F7F081F30A56E001A9B2C /* RxSwift.framework in Frameworks */,
			);
			runOnlyForDeploymentPostprocessing = 0;
		};
		6E7CADCF1BEC95D70046E77B /* Frameworks */ = {
			isa = PBXFrameworksBuildPhase;
			buildActionMask = 2147483647;
			files = (
				2C7B486E1F52F7F9008616CD /* Nimble.framework in Frameworks */,
				2C7B48701F52F7F9008616CD /* Quick.framework in Frameworks */,
				2C7B48691F52F7F9008616CD /* RxBlocking.framework in Frameworks */,
				2C7B486A1F52F7F9008616CD /* RxTest.framework in Frameworks */,
			);
			runOnlyForDeploymentPostprocessing = 0;
		};
		6E7CADDA1BEC95D80046E77B /* Frameworks */ = {
			isa = PBXFrameworksBuildPhase;
			buildActionMask = 2147483647;
			files = (
			);
			runOnlyForDeploymentPostprocessing = 0;
		};
/* End PBXFrameworksBuildPhase section */

/* Begin PBXGroup section */
		08E2F86F4D9CD7C0F52361CF /* Frameworks */ = {
			isa = PBXGroup;
			children = (
				2C7B486B1F52F7F9008616CD /* Nimble.framework */,
				2C7B486D1F52F7F9008616CD /* Quick.framework */,
				2C4D4AA81F486F690050CB14 /* MMMarkdown.framework */,
				2CDDF20C1F35474100101FD7 /* RxDataSources.framework */,
				2C1F7F021F30A56E001A9B2C /* RxBlocking.framework */,
				2C1F7F031F30A56E001A9B2C /* RxCocoa.framework */,
				2C1F7F041F30A56E001A9B2C /* RxSwift.framework */,
				2C1F7F051F30A56E001A9B2C /* RxTest.framework */,
				2C659E931F2B906400E90CCE /* SnapKit.framework */,
			);
			name = Frameworks;
			sourceTree = "<group>";
		};
		2C1F7F0B1F30B169001A9B2C /* Simulator */ = {
			isa = PBXGroup;
			children = (
				2C1F7F0C1F30B1A2001A9B2C /* SimulatorViewModel.swift */,
				2C1F7F0E1F30B1C0001A9B2C /* SimulatorView.swift */,
				2C1F7F101F30B212001A9B2C /* SimulatorViewController.swift */,
			);
			path = Simulator;
			sourceTree = "<group>";
		};
		2C3F00871F2D48000086076D /* Setting */ = {
			isa = PBXGroup;
			children = (
				2C3F008A1F2D48480086076D /* SettingViewModel.swift */,
				2C3F00881F2D482C0086076D /* SettingView.swift */,
				2C3F008C1F2D48550086076D /* SettingViewController.swift */,
				2CF00F3D1F3F43BE00230368 /* DescriptionViewModel.swift */,
				2CF00F3B1F3F43A500230368 /* DescriptionView.swift */,
				2CF00F3F1F3F43D100230368 /* DescriptionViewController.swift */,
			);
			path = Setting;
			sourceTree = "<group>";
		};
		2C659E8D1F2B892600E90CCE /* Detection */ = {
			isa = PBXGroup;
			children = (
				2CCCF08B1F706EC000B5B560 /* DetectionViewModel.swift */,
				2CCCF08D1F706ECB00B5B560 /* DetectionView.swift */,
				2CCCF0891F706EB500B5B560 /* DetectionViewController.swift */,
				2C7D3E601F70B500005E893F /* DetectionInfoTableViewCell.swift */,
			);
			path = Detection;
			sourceTree = "<group>";
		};
		2CB89EE71BEE5116002A4EC7 /* Common */ = {
			isa = PBXGroup;
			children = (
				2CB89EE81BEE567C002A4EC7 /* Const.swift */,
				2CCCF0871F6FFEE000B5B560 /* TabBarController.swift */,
				2C33D1A51F7232B60007B141 /* Extensions.swift */,
				2C6EAB701F72460200283471 /* Protocols.swift */,
			);
			name = Common;
			path = common;
			sourceTree = "<group>";
		};
		6E7CADB51BEC95D70046E77B = {
			isa = PBXGroup;
			children = (
				2CB89EE51BEE4F7C002A4EC7 /* README.md */,
				2C4D4AAA1F4B04130050CB14 /* LICENSE.md */,
				6E7CADC01BEC95D70046E77B /* BeaconDetection */,
				6E7CADD51BEC95D70046E77B /* BeaconDetectionTests */,
				6E7CADE01BEC95D80046E77B /* BeaconDetectionUITests */,
				6E7CADBF1BEC95D70046E77B /* Products */,
				08E2F86F4D9CD7C0F52361CF /* Frameworks */,
			);
			sourceTree = "<group>";
		};
		6E7CADBF1BEC95D70046E77B /* Products */ = {
			isa = PBXGroup;
			children = (
				6E7CADBE1BEC95D70046E77B /* BeaconDetection.app */,
				6E7CADD21BEC95D70046E77B /* BeaconDetectionTests.xctest */,
				6E7CADDD1BEC95D80046E77B /* BeaconDetectionUITests.xctest */,
			);
			name = Products;
			sourceTree = "<group>";
		};
		6E7CADC01BEC95D70046E77B /* BeaconDetection */ = {
			isa = PBXGroup;
			children = (
				2C1F7F0B1F30B169001A9B2C /* Simulator */,
				2C3F00871F2D48000086076D /* Setting */,
				2C659E8D1F2B892600E90CCE /* Detection */,
				2CB89EE71BEE5116002A4EC7 /* Common */,
				6E7CADC11BEC95D70046E77B /* AppDelegate.swift */,
				6E7CADC81BEC95D70046E77B /* Assets.xcassets */,
				6E7CADCA1BEC95D70046E77B /* LaunchScreen.storyboard */,
				6E7CADCD1BEC95D70046E77B /* Info.plist */,
			);
			path = BeaconDetection;
			sourceTree = "<group>";
		};
		6E7CADD51BEC95D70046E77B /* BeaconDetectionTests */ = {
			isa = PBXGroup;
			children = (
				6E7CADD81BEC95D70046E77B /* Info.plist */,
			);
			path = BeaconDetectionTests;
			sourceTree = "<group>";
		};
		6E7CADE01BEC95D80046E77B /* BeaconDetectionUITests */ = {
			isa = PBXGroup;
			children = (
				6E7CADE31BEC95D80046E77B /* Info.plist */,
			);
			path = BeaconDetectionUITests;
			sourceTree = "<group>";
		};
/* End PBXGroup section */

/* Begin PBXNativeTarget section */
		6E7CADBD1BEC95D70046E77B /* BeaconDetection */ = {
			isa = PBXNativeTarget;
			buildConfigurationList = 6E7CADE61BEC95D80046E77B /* Build configuration list for PBXNativeTarget "BeaconDetection" */;
			buildPhases = (
				6E7CADBA1BEC95D70046E77B /* Sources */,
				6E7CADBB1BEC95D70046E77B /* Frameworks */,
				6E7CADBC1BEC95D70046E77B /* Resources */,
				2CE8E6381F2B77C300DE4004 /* ShellScript */,
			);
			buildRules = (
			);
			dependencies = (
			);
			name = BeaconDetection;
			productName = BeaconDetection;
			productReference = 6E7CADBE1BEC95D70046E77B /* BeaconDetection.app */;
			productType = "com.apple.product-type.application";
		};
		6E7CADD11BEC95D70046E77B /* BeaconDetectionTests */ = {
			isa = PBXNativeTarget;
			buildConfigurationList = 6E7CADE91BEC95D80046E77B /* Build configuration list for PBXNativeTarget "BeaconDetectionTests" */;
			buildPhases = (
				6E7CADCE1BEC95D70046E77B /* Sources */,
				6E7CADCF1BEC95D70046E77B /* Frameworks */,
				6E7CADD01BEC95D70046E77B /* Resources */,
				2C7B48681F52F424008616CD /* ShellScript */,
			);
			buildRules = (
			);
			dependencies = (
				6E7CADD41BEC95D70046E77B /* PBXTargetDependency */,
			);
			name = BeaconDetectionTests;
			productName = BeaconDetectionTests;
			productReference = 6E7CADD21BEC95D70046E77B /* BeaconDetectionTests.xctest */;
			productType = "com.apple.product-type.bundle.unit-test";
		};
		6E7CADDC1BEC95D80046E77B /* BeaconDetectionUITests */ = {
			isa = PBXNativeTarget;
			buildConfigurationList = 6E7CADEC1BEC95D80046E77B /* Build configuration list for PBXNativeTarget "BeaconDetectionUITests" */;
			buildPhases = (
				6E7CADD91BEC95D80046E77B /* Sources */,
				6E7CADDA1BEC95D80046E77B /* Frameworks */,
				6E7CADDB1BEC95D80046E77B /* Resources */,
			);
			buildRules = (
			);
			dependencies = (
				6E7CADDF1BEC95D80046E77B /* PBXTargetDependency */,
			);
			name = BeaconDetectionUITests;
			productName = BeaconDetectionUITests;
			productReference = 6E7CADDD1BEC95D80046E77B /* BeaconDetectionUITests.xctest */;
			productType = "com.apple.product-type.bundle.ui-testing";
		};
/* End PBXNativeTarget section */

/* Begin PBXProject section */
		6E7CADB61BEC95D70046E77B /* Project object */ = {
			isa = PBXProject;
			attributes = {
				LastSwiftUpdateCheck = 0710;
				LastUpgradeCheck = 0900;
				ORGANIZATIONNAME = "Mitsuaki Ihara";
				TargetAttributes = {
					6E7CADBD1BEC95D70046E77B = {
						CreatedOnToolsVersion = 7.1;
						LastSwiftMigration = 0830;
						ProvisioningStyle = Manual;
					};
					6E7CADD11BEC95D70046E77B = {
						CreatedOnToolsVersion = 7.1;
						LastSwiftMigration = 0830;
						ProvisioningStyle = Manual;
						TestTargetID = 6E7CADBD1BEC95D70046E77B;
					};
					6E7CADDC1BEC95D80046E77B = {
						CreatedOnToolsVersion = 7.1;
						LastSwiftMigration = 0900;
						ProvisioningStyle = Manual;
						TestTargetID = 6E7CADBD1BEC95D70046E77B;
					};
				};
			};
			buildConfigurationList = 6E7CADB91BEC95D70046E77B /* Build configuration list for PBXProject "BeaconDetection" */;
			compatibilityVersion = "Xcode 3.2";
			developmentRegion = English;
			hasScannedForEncodings = 0;
			knownRegions = (
				en,
				Base,
			);
			mainGroup = 6E7CADB51BEC95D70046E77B;
			productRefGroup = 6E7CADBF1BEC95D70046E77B /* Products */;
			projectDirPath = "";
			projectRoot = "";
			targets = (
				6E7CADBD1BEC95D70046E77B /* BeaconDetection */,
				6E7CADD11BEC95D70046E77B /* BeaconDetectionTests */,
				6E7CADDC1BEC95D80046E77B /* BeaconDetectionUITests */,
			);
		};
/* End PBXProject section */

/* Begin PBXResourcesBuildPhase section */
		6E7CADBC1BEC95D70046E77B /* Resources */ = {
			isa = PBXResourcesBuildPhase;
			buildActionMask = 2147483647;
			files = (
				2CE891551F4B04D80046EC73 /* LICENSE.md in Resources */,
				2C4D4AA71F486D620050CB14 /* README.md in Resources */,
				6E7CADCC1BEC95D70046E77B /* LaunchScreen.storyboard in Resources */,
				6E7CADC91BEC95D70046E77B /* Assets.xcassets in Resources */,
			);
			runOnlyForDeploymentPostprocessing = 0;
		};
		6E7CADD01BEC95D70046E77B /* Resources */ = {
			isa = PBXResourcesBuildPhase;
			buildActionMask = 2147483647;
			files = (
			);
			runOnlyForDeploymentPostprocessing = 0;
		};
		6E7CADDB1BEC95D80046E77B /* Resources */ = {
			isa = PBXResourcesBuildPhase;
			buildActionMask = 2147483647;
			files = (
			);
			runOnlyForDeploymentPostprocessing = 0;
		};
/* End PBXResourcesBuildPhase section */

/* Begin PBXShellScriptBuildPhase section */
		2C7B48681F52F424008616CD /* ShellScript */ = {
			isa = PBXShellScriptBuildPhase;
			buildActionMask = 2147483647;
			files = (
			);
			inputPaths = (
				"$(SRCROOT)/Carthage/Build/iOS/Nimble.framework",
				"$(SRCROOT)/Carthage/Build/iOS/Quick.framework",
				"$(SRCROOT)/Carthage/Build/iOS/RxBlocking.framework",
				"$(SRCROOT)/Carthage/Build/iOS/RxTest.framework",
			);
			outputPaths = (
			);
			runOnlyForDeploymentPostprocessing = 0;
			shellPath = /bin/sh;
			shellScript = "/usr/local/bin/carthage copy-frameworks";
		};
		2CE8E6381F2B77C300DE4004 /* ShellScript */ = {
			isa = PBXShellScriptBuildPhase;
			buildActionMask = 2147483647;
			files = (
			);
			inputPaths = (
				"$(SRCROOT)/Carthage/Build/iOS/SnapKit.framework",
				"$(SRCROOT)/Carthage/Build/iOS/RxCocoa.framework",
				"$(SRCROOT)/Carthage/Build/iOS/RxSwift.framework",
				"$(SRCROOT)/Carthage/Build/iOS/RxDataSources.framework",
				"$(SRCROOT)/Carthage/Build/iOS/MMMarkdown.framework",
			);
			outputPaths = (
			);
			runOnlyForDeploymentPostprocessing = 0;
			shellPath = /bin/sh;
			shellScript = "/usr/local/bin/carthage copy-frameworks";
		};
/* End PBXShellScriptBuildPhase section */

/* Begin PBXSourcesBuildPhase section */
		6E7CADBA1BEC95D70046E77B /* Sources */ = {
			isa = PBXSourcesBuildPhase;
			buildActionMask = 2147483647;
			files = (
				2C7D3E611F70B500005E893F /* DetectionInfoTableViewCell.swift in Sources */,
				2C4D4AAB1F4B04130050CB14 /* LICENSE.md in Sources */,
				2CB89EE61BEE4F7C002A4EC7 /* README.md in Sources */,
				2C3F00891F2D482C0086076D /* SettingView.swift in Sources */,
				2CB89EE91BEE567C002A4EC7 /* Const.swift in Sources */,
				2CCCF08A1F706EB500B5B560 /* DetectionViewController.swift in Sources */,
				2CCCF08C1F706EC000B5B560 /* DetectionViewModel.swift in Sources */,
				2CF00F3E1F3F43BE00230368 /* DescriptionViewModel.swift in Sources */,
				2CF00F401F3F43D100230368 /* DescriptionViewController.swift in Sources */,
				2C1F7F0D1F30B1A2001A9B2C /* SimulatorViewModel.swift in Sources */,
				6E7CADC21BEC95D70046E77B /* AppDelegate.swift in Sources */,
				2C1F7F0F1F30B1C0001A9B2C /* SimulatorView.swift in Sources */,
				2C1F7F111F30B212001A9B2C /* SimulatorViewController.swift in Sources */,
				2C3F008B1F2D48480086076D /* SettingViewModel.swift in Sources */,
				2C33D1A61F7232B60007B141 /* Extensions.swift in Sources */,
				2C6EAB711F72460200283471 /* Protocols.swift in Sources */,
				2CF00F3C1F3F43A500230368 /* DescriptionView.swift in Sources */,
				2CCCF0881F6FFEE000B5B560 /* TabBarController.swift in Sources */,
				2CCCF08E1F706ECB00B5B560 /* DetectionView.swift in Sources */,
				2C3F008D1F2D48550086076D /* SettingViewController.swift in Sources */,
			);
			runOnlyForDeploymentPostprocessing = 0;
		};
		6E7CADCE1BEC95D70046E77B /* Sources */ = {
			isa = PBXSourcesBuildPhase;
			buildActionMask = 2147483647;
			files = (
			);
			runOnlyForDeploymentPostprocessing = 0;
		};
		6E7CADD91BEC95D80046E77B /* Sources */ = {
			isa = PBXSourcesBuildPhase;
			buildActionMask = 2147483647;
			files = (
			);
			runOnlyForDeploymentPostprocessing = 0;
		};
/* End PBXSourcesBuildPhase section */

/* Begin PBXTargetDependency section */
		6E7CADD41BEC95D70046E77B /* PBXTargetDependency */ = {
			isa = PBXTargetDependency;
			target = 6E7CADBD1BEC95D70046E77B /* BeaconDetection */;
			targetProxy = 6E7CADD31BEC95D70046E77B /* PBXContainerItemProxy */;
		};
		6E7CADDF1BEC95D80046E77B /* PBXTargetDependency */ = {
			isa = PBXTargetDependency;
			target = 6E7CADBD1BEC95D70046E77B /* BeaconDetection */;
			targetProxy = 6E7CADDE1BEC95D80046E77B /* PBXContainerItemProxy */;
		};
/* End PBXTargetDependency section */

/* Begin PBXVariantGroup section */
		6E7CADCA1BEC95D70046E77B /* LaunchScreen.storyboard */ = {
			isa = PBXVariantGroup;
			children = (
				6E7CADCB1BEC95D70046E77B /* Base */,
			);
			name = LaunchScreen.storyboard;
			sourceTree = "<group>";
		};
/* End PBXVariantGroup section */

/* Begin XCBuildConfiguration section */
		6E7CADE41BEC95D80046E77B /* Debug */ = {
			isa = XCBuildConfiguration;
			buildSettings = {
				ALWAYS_SEARCH_USER_PATHS = NO;
				CLANG_CXX_LANGUAGE_STANDARD = "gnu++0x";
				CLANG_CXX_LIBRARY = "libc++";
				CLANG_ENABLE_MODULES = YES;
				CLANG_ENABLE_OBJC_ARC = YES;
				CLANG_WARN_BLOCK_CAPTURE_AUTORELEASING = YES;
				CLANG_WARN_BOOL_CONVERSION = YES;
				CLANG_WARN_COMMA = YES;
				CLANG_WARN_CONSTANT_CONVERSION = YES;
				CLANG_WARN_DIRECT_OBJC_ISA_USAGE = YES_ERROR;
				CLANG_WARN_EMPTY_BODY = YES;
				CLANG_WARN_ENUM_CONVERSION = YES;
				CLANG_WARN_INFINITE_RECURSION = YES;
				CLANG_WARN_INT_CONVERSION = YES;
				CLANG_WARN_NON_LITERAL_NULL_CONVERSION = YES;
				CLANG_WARN_OBJC_LITERAL_CONVERSION = YES;
				CLANG_WARN_OBJC_ROOT_CLASS = YES_ERROR;
				CLANG_WARN_RANGE_LOOP_ANALYSIS = YES;
				CLANG_WARN_STRICT_PROTOTYPES = YES;
				CLANG_WARN_SUSPICIOUS_MOVE = YES;
				CLANG_WARN_UNREACHABLE_CODE = YES;
				CLANG_WARN__DUPLICATE_METHOD_MATCH = YES;
				"CODE_SIGN_IDENTITY[sdk=iphoneos*]" = "iPhone Developer";
				COPY_PHASE_STRIP = NO;
				DEBUG_INFORMATION_FORMAT = dwarf;
				ENABLE_BITCODE = NO;
				ENABLE_STRICT_OBJC_MSGSEND = YES;
				ENABLE_TESTABILITY = YES;
				GCC_C_LANGUAGE_STANDARD = gnu99;
				GCC_DYNAMIC_NO_PIC = NO;
				GCC_NO_COMMON_BLOCKS = YES;
				GCC_OPTIMIZATION_LEVEL = 0;
				GCC_PREPROCESSOR_DEFINITIONS = (
					"DEBUG=1",
					"$(inherited)",
				);
				GCC_WARN_64_TO_32_BIT_CONVERSION = YES;
				GCC_WARN_ABOUT_RETURN_TYPE = YES_ERROR;
				GCC_WARN_UNDECLARED_SELECTOR = YES;
				GCC_WARN_UNINITIALIZED_AUTOS = YES_AGGRESSIVE;
				GCC_WARN_UNUSED_FUNCTION = YES;
				GCC_WARN_UNUSED_VARIABLE = YES;
				IPHONEOS_DEPLOYMENT_TARGET = 9.3.5;
				MTL_ENABLE_DEBUG_INFO = YES;
				ONLY_ACTIVE_ARCH = YES;
				SDKROOT = iphoneos;
				SWIFT_OPTIMIZATION_LEVEL = "-Onone";
			};
			name = Debug;
		};
		6E7CADE51BEC95D80046E77B /* Release */ = {
			isa = XCBuildConfiguration;
			buildSettings = {
				ALWAYS_SEARCH_USER_PATHS = NO;
				CLANG_CXX_LANGUAGE_STANDARD = "gnu++0x";
				CLANG_CXX_LIBRARY = "libc++";
				CLANG_ENABLE_MODULES = YES;
				CLANG_ENABLE_OBJC_ARC = YES;
				CLANG_WARN_BLOCK_CAPTURE_AUTORELEASING = YES;
				CLANG_WARN_BOOL_CONVERSION = YES;
				CLANG_WARN_COMMA = YES;
				CLANG_WARN_CONSTANT_CONVERSION = YES;
				CLANG_WARN_DIRECT_OBJC_ISA_USAGE = YES_ERROR;
				CLANG_WARN_EMPTY_BODY = YES;
				CLANG_WARN_ENUM_CONVERSION = YES;
				CLANG_WARN_INFINITE_RECURSION = YES;
				CLANG_WARN_INT_CONVERSION = YES;
				CLANG_WARN_NON_LITERAL_NULL_CONVERSION = YES;
				CLANG_WARN_OBJC_LITERAL_CONVERSION = YES;
				CLANG_WARN_OBJC_ROOT_CLASS = YES_ERROR;
				CLANG_WARN_RANGE_LOOP_ANALYSIS = YES;
				CLANG_WARN_STRICT_PROTOTYPES = YES;
				CLANG_WARN_SUSPICIOUS_MOVE = YES;
				CLANG_WARN_UNREACHABLE_CODE = YES;
				CLANG_WARN__DUPLICATE_METHOD_MATCH = YES;
				"CODE_SIGN_IDENTITY[sdk=iphoneos*]" = "iPhone Developer";
				COPY_PHASE_STRIP = NO;
				DEBUG_INFORMATION_FORMAT = "dwarf-with-dsym";
				ENABLE_BITCODE = NO;
				ENABLE_NS_ASSERTIONS = NO;
				ENABLE_STRICT_OBJC_MSGSEND = YES;
				GCC_C_LANGUAGE_STANDARD = gnu99;
				GCC_NO_COMMON_BLOCKS = YES;
				GCC_WARN_64_TO_32_BIT_CONVERSION = YES;
				GCC_WARN_ABOUT_RETURN_TYPE = YES_ERROR;
				GCC_WARN_UNDECLARED_SELECTOR = YES;
				GCC_WARN_UNINITIALIZED_AUTOS = YES_AGGRESSIVE;
				GCC_WARN_UNUSED_FUNCTION = YES;
				GCC_WARN_UNUSED_VARIABLE = YES;
				IPHONEOS_DEPLOYMENT_TARGET = 9.3.5;
				MTL_ENABLE_DEBUG_INFO = NO;
				SDKROOT = iphoneos;
				SWIFT_OPTIMIZATION_LEVEL = "-Owholemodule";
				VALIDATE_PRODUCT = YES;
			};
			name = Release;
		};
		6E7CADE71BEC95D80046E77B /* Debug */ = {
			isa = XCBuildConfiguration;
			buildSettings = {
				ASSETCATALOG_COMPILER_APPICON_NAME = AppIcon;
				CLANG_ENABLE_MODULES = YES;
				"CODE_SIGN_IDENTITY[sdk=iphoneos*]" = "iPhone Developer";
				CODE_SIGN_STYLE = Manual;
				DEVELOPMENT_TEAM = "";
				FRAMEWORK_SEARCH_PATHS = (
					"$(inherited)",
					"$(PROJECT_DIR)/Carthage/Build/iOS",
				);
				INFOPLIST_FILE = BeaconDetection/Info.plist;
				LD_RUNPATH_SEARCH_PATHS = "$(inherited) @executable_path/Frameworks";
				PRODUCT_NAME = "$(TARGET_NAME)";
				PROVISIONING_PROFILE_SPECIFIER = "";
				SWIFT_OPTIMIZATION_LEVEL = "-Onone";
				SWIFT_VERSION = 4.0;
				TARGETED_DEVICE_FAMILY = "1,2";
			};
			name = Debug;
		};
		6E7CADE81BEC95D80046E77B /* Release */ = {
			isa = XCBuildConfiguration;
			buildSettings = {
				ASSETCATALOG_COMPILER_APPICON_NAME = AppIcon;
				CLANG_ENABLE_MODULES = YES;
				"CODE_SIGN_IDENTITY[sdk=iphoneos*]" = "iPhone Developer";
				CODE_SIGN_STYLE = Manual;
				DEVELOPMENT_TEAM = "";
				FRAMEWORK_SEARCH_PATHS = (
					"$(inherited)",
					"$(PROJECT_DIR)/Carthage/Build/iOS",
				);
				INFOPLIST_FILE = BeaconDetection/Info.plist;
				LD_RUNPATH_SEARCH_PATHS = "$(inherited) @executable_path/Frameworks";
				PRODUCT_NAME = "$(TARGET_NAME)";
				PROVISIONING_PROFILE_SPECIFIER = "";
				SWIFT_VERSION = 4.0;
				TARGETED_DEVICE_FAMILY = "1,2";
			};
			name = Release;
		};
		6E7CADEA1BEC95D80046E77B /* Debug */ = {
			isa = XCBuildConfiguration;
			buildSettings = {
				BUNDLE_LOADER = "$(TEST_HOST)";
				CLANG_ENABLE_MODULES = YES;
				"CODE_SIGN_IDENTITY[sdk=iphoneos*]" = "iPhone Developer";
				DEVELOPMENT_TEAM = "";
				FRAMEWORK_SEARCH_PATHS = (
					"$(inherited)",
					"$(PROJECT_DIR)/Carthage/Build/iOS",
				);
				INFOPLIST_FILE = BeaconDetectionTests/Info.plist;
				LD_RUNPATH_SEARCH_PATHS = "$(inherited) @executable_path/Frameworks @loader_path/Frameworks";
				PRODUCT_BUNDLE_IDENTIFIER = "com.gmail-mitsuaki1229.BeaconDetectionTests";
				PRODUCT_NAME = "$(TARGET_NAME)";
				PROVISIONING_PROFILE_SPECIFIER = "";
				SWIFT_OPTIMIZATION_LEVEL = "-Onone";
				SWIFT_VERSION = 3.0;
				TEST_HOST = "$(BUILT_PRODUCTS_DIR)/BeaconDetection.app/BeaconDetection";
			};
			name = Debug;
		};
		6E7CADEB1BEC95D80046E77B /* Release */ = {
			isa = XCBuildConfiguration;
			buildSettings = {
				BUNDLE_LOADER = "$(TEST_HOST)";
				CLANG_ENABLE_MODULES = YES;
				"CODE_SIGN_IDENTITY[sdk=iphoneos*]" = "iPhone Developer";
				DEVELOPMENT_TEAM = "";
				FRAMEWORK_SEARCH_PATHS = (
					"$(inherited)",
					"$(PROJECT_DIR)/Carthage/Build/iOS",
				);
				INFOPLIST_FILE = BeaconDetectionTests/Info.plist;
				LD_RUNPATH_SEARCH_PATHS = "$(inherited) @executable_path/Frameworks @loader_path/Frameworks";
				PRODUCT_BUNDLE_IDENTIFIER = "com.gmail-mitsuaki1229.BeaconDetectionTests";
				PRODUCT_NAME = "$(TARGET_NAME)";
				PROVISIONING_PROFILE_SPECIFIER = "";
				SWIFT_VERSION = 3.0;
				TEST_HOST = "$(BUILT_PRODUCTS_DIR)/BeaconDetection.app/BeaconDetection";
			};
			name = Release;
		};
		6E7CADED1BEC95D80046E77B /* Debug */ = {
			isa = XCBuildConfiguration;
			buildSettings = {
				CLANG_ENABLE_MODULES = YES;
				"CODE_SIGN_IDENTITY[sdk=iphoneos*]" = "iPhone Developer";
				DEVELOPMENT_TEAM = "";
				INFOPLIST_FILE = BeaconDetectionUITests/Info.plist;
				LD_RUNPATH_SEARCH_PATHS = "$(inherited) @executable_path/Frameworks @loader_path/Frameworks";
				PRODUCT_BUNDLE_IDENTIFIER = "com.gmail-mitsuaki1229.BeaconDetectionUITests";
				PRODUCT_NAME = "$(TARGET_NAME)";
				PROVISIONING_PROFILE_SPECIFIER = "";
				SWIFT_OPTIMIZATION_LEVEL = "-Onone";
				SWIFT_SWIFT3_OBJC_INFERENCE = On;
				SWIFT_VERSION = 4.0;
				TEST_TARGET_NAME = BeaconDetection;
				USES_XCTRUNNER = YES;
			};
			name = Debug;
		};
		6E7CADEE1BEC95D80046E77B /* Release */ = {
			isa = XCBuildConfiguration;
			buildSettings = {
				CLANG_ENABLE_MODULES = YES;
				"CODE_SIGN_IDENTITY[sdk=iphoneos*]" = "iPhone Developer";
				DEVELOPMENT_TEAM = "";
				INFOPLIST_FILE = BeaconDetectionUITests/Info.plist;
				LD_RUNPATH_SEARCH_PATHS = "$(inherited) @executable_path/Frameworks @loader_path/Frameworks";
				PRODUCT_BUNDLE_IDENTIFIER = "com.gmail-mitsuaki1229.BeaconDetectionUITests";
				PRODUCT_NAME = "$(TARGET_NAME)";
				PROVISIONING_PROFILE_SPECIFIER = "";
				SWIFT_SWIFT3_OBJC_INFERENCE = On;
				SWIFT_VERSION = 4.0;
				TEST_TARGET_NAME = BeaconDetection;
				USES_XCTRUNNER = YES;
			};
			name = Release;
		};
/* End XCBuildConfiguration section */

/* Begin XCConfigurationList section */
		6E7CADB91BEC95D70046E77B /* Build configuration list for PBXProject "BeaconDetection" */ = {
			isa = XCConfigurationList;
			buildConfigurations = (
				6E7CADE41BEC95D80046E77B /* Debug */,
				6E7CADE51BEC95D80046E77B /* Release */,
			);
			defaultConfigurationIsVisible = 0;
			defaultConfigurationName = Release;
		};
		6E7CADE61BEC95D80046E77B /* Build configuration list for PBXNativeTarget "BeaconDetection" */ = {
			isa = XCConfigurationList;
			buildConfigurations = (
				6E7CADE71BEC95D80046E77B /* Debug */,
				6E7CADE81BEC95D80046E77B /* Release */,
			);
			defaultConfigurationIsVisible = 0;
			defaultConfigurationName = Release;
		};
		6E7CADE91BEC95D80046E77B /* Build configuration list for PBXNativeTarget "BeaconDetectionTests" */ = {
			isa = XCConfigurationList;
			buildConfigurations = (
				6E7CADEA1BEC95D80046E77B /* Debug */,
				6E7CADEB1BEC95D80046E77B /* Release */,
			);
			defaultConfigurationIsVisible = 0;
			defaultConfigurationName = Release;
		};
		6E7CADEC1BEC95D80046E77B /* Build configuration list for PBXNativeTarget "BeaconDetectionUITests" */ = {
			isa = XCConfigurationList;
			buildConfigurations = (
				6E7CADED1BEC95D80046E77B /* Debug */,
				6E7CADEE1BEC95D80046E77B /* Release */,
			);
			defaultConfigurationIsVisible = 0;
			defaultConfigurationName = Release;
		};
/* End XCConfigurationList section */
	};
	rootObject = 6E7CADB61BEC95D70046E77B /* Project object */;
}
